// !$*UTF8*$!
{
	archiveVersion = 1;
	classes = {
	};
	objectVersion = 50;
	objects = {

/* Begin PBXBuildFile section */
		9D847781209925B9005F219B /* ewDenNameViewController.swift in Sources */ = {isa = PBXBuildFile; fileRef = 9D847780209925B9005F219B /* ewDenNameViewController.swift */; };
		9D847785209A4B59005F219B /* DenPictureViewController.swift in Sources */ = {isa = PBXBuildFile; fileRef = 9D847784209A4B59005F219B /* DenPictureViewController.swift */; };
		9D84778B209A5D06005F219B /* imagePlaceHolder.png in Resources */ = {isa = PBXBuildFile; fileRef = 9D84778A209A5D05005F219B /* imagePlaceHolder.png */; };
		9D847793209A72E3005F219B /* settingIconX1.png in Resources */ = {isa = PBXBuildFile; fileRef = 9D847792209A72E3005F219B /* settingIconX1.png */; };
		9D847795209A72EE005F219B /* settingIconX2.png in Resources */ = {isa = PBXBuildFile; fileRef = 9D847794209A72EE005F219B /* settingIconX2.png */; };
		9D847797209A72F6005F219B /* settingIconX3.png in Resources */ = {isa = PBXBuildFile; fileRef = 9D847796209A72F6005F219B /* settingIconX3.png */; };
		9D847799209A7486005F219B /* addX2.png in Resources */ = {isa = PBXBuildFile; fileRef = 9D847798209A7486005F219B /* addX2.png */; };
		9D84779B209A7611005F219B /* ShelvesViewController.swift in Sources */ = {isa = PBXBuildFile; fileRef = 9D84779A209A7611005F219B /* ShelvesViewController.swift */; };
		9D84779E209A76AF005F219B /* View+Extension.swift in Sources */ = {isa = PBXBuildFile; fileRef = 9D84779D209A76AF005F219B /* View+Extension.swift */; };
		9D8477A0209A76B6005F219B /* Colors.swift in Sources */ = {isa = PBXBuildFile; fileRef = 9D84779F209A76B6005F219B /* Colors.swift */; };
		9D8477A2209A7C65005F219B /* ItemsViewController.swift in Sources */ = {isa = PBXBuildFile; fileRef = 9D8477A1209A7C65005F219B /* ItemsViewController.swift */; };
		9D8477A4209A8045005F219B /* ShelfTableViewCell.swift in Sources */ = {isa = PBXBuildFile; fileRef = 9D8477A3209A8045005F219B /* ShelfTableViewCell.swift */; };
		9D8477A6209A8052005F219B /* ItemTableViewCell.swift in Sources */ = {isa = PBXBuildFile; fileRef = 9D8477A5209A8052005F219B /* ItemTableViewCell.swift */; };
		9D8477A8209A86BB005F219B /* backX2.png in Resources */ = {isa = PBXBuildFile; fileRef = 9D8477A7209A86BB005F219B /* backX2.png */; };
		9D8477AA209B90D5005F219B /* BackLargeX1.png in Resources */ = {isa = PBXBuildFile; fileRef = 9D8477A9209B90D5005F219B /* BackLargeX1.png */; };
		9D8477AE209CFA4E005F219B /* SettingsLauncher.swift in Sources */ = {isa = PBXBuildFile; fileRef = 9D8477AD209CFA4E005F219B /* SettingsLauncher.swift */; };
		9D8477B0209D0486005F219B /* SettingsCollectionViewCell.swift in Sources */ = {isa = PBXBuildFile; fileRef = 9D8477AF209D0486005F219B /* SettingsCollectionViewCell.swift */; };
		9D8477B2209D0C98005F219B /* settingsGear2x.png in Resources */ = {isa = PBXBuildFile; fileRef = 9D8477B1209D0C98005F219B /* settingsGear2x.png */; };
		9D8477B820A0A1DD005F219B /* GoalsViewController.swift in Sources */ = {isa = PBXBuildFile; fileRef = 9D8477B720A0A1DD005F219B /* GoalsViewController.swift */; };
		9D8477BA20A0A1EB005F219B /* TipsViewController.swift in Sources */ = {isa = PBXBuildFile; fileRef = 9D8477B920A0A1EB005F219B /* TipsViewController.swift */; };
		9D8477BC20A0A1F6005F219B /* ShoppingListViewController.swift in Sources */ = {isa = PBXBuildFile; fileRef = 9D8477BB20A0A1F6005F219B /* ShoppingListViewController.swift */; };
		9D8477BE20A0A20E005F219B /* SettingsViewController.swift in Sources */ = {isa = PBXBuildFile; fileRef = 9D8477BD20A0A20E005F219B /* SettingsViewController.swift */; };
		9D8477C220A0EEB2005F219B /* shoppingCartX2.png in Resources */ = {isa = PBXBuildFile; fileRef = 9D8477C120A0EEB1005F219B /* shoppingCartX2.png */; };
		9D8477C420A0EFC3005F219B /* checkMark2x.png in Resources */ = {isa = PBXBuildFile; fileRef = 9D8477C320A0EFC3005F219B /* checkMark2x.png */; };
		9D8477C620A0F1C2005F219B /* shelves2x.png in Resources */ = {isa = PBXBuildFile; fileRef = 9D8477C520A0F1C2005F219B /* shelves2x.png */; };
		9D8477C820A0F1CA005F219B /* tips2x.png in Resources */ = {isa = PBXBuildFile; fileRef = 9D8477C720A0F1CA005F219B /* tips2x.png */; };
		9D8477CA20A10F9F005F219B /* MainViewController.swift in Sources */ = {isa = PBXBuildFile; fileRef = 9D8477C920A10F9F005F219B /* MainViewController.swift */; };
		9D8FEB46208A6CFC00080EEE /* icon_20pt@2x.png in Resources */ = {isa = PBXBuildFile; fileRef = 9D8FEB37208A6CFB00080EEE /* icon_20pt@2x.png */; };
		9D8FEB47208A6CFC00080EEE /* icon_40pt@3x.png in Resources */ = {isa = PBXBuildFile; fileRef = 9D8FEB38208A6CFB00080EEE /* icon_40pt@3x.png */; };
		9D8FEB48208A6CFC00080EEE /* icon_29pt@2x.png in Resources */ = {isa = PBXBuildFile; fileRef = 9D8FEB39208A6CFB00080EEE /* icon_29pt@2x.png */; };
		9D8FEB49208A6CFC00080EEE /* icon_20pt@3x.png in Resources */ = {isa = PBXBuildFile; fileRef = 9D8FEB3A208A6CFB00080EEE /* icon_20pt@3x.png */; };
		9D8FEB4A208A6CFC00080EEE /* icon_83.5@2x.png in Resources */ = {isa = PBXBuildFile; fileRef = 9D8FEB3B208A6CFB00080EEE /* icon_83.5@2x.png */; };
		9D8FEB4B208A6CFC00080EEE /* icon_29pt@3x.png in Resources */ = {isa = PBXBuildFile; fileRef = 9D8FEB3C208A6CFB00080EEE /* icon_29pt@3x.png */; };
		9D8FEB4C208A6CFC00080EEE /* icon_40pt@2x.png in Resources */ = {isa = PBXBuildFile; fileRef = 9D8FEB3D208A6CFC00080EEE /* icon_40pt@2x.png */; };
		9D8FEB4D208A6CFC00080EEE /* icon_76pt.png in Resources */ = {isa = PBXBuildFile; fileRef = 9D8FEB3E208A6CFC00080EEE /* icon_76pt.png */; };
		9D8FEB4E208A6CFC00080EEE /* icon_60pt@3x.png in Resources */ = {isa = PBXBuildFile; fileRef = 9D8FEB3F208A6CFC00080EEE /* icon_60pt@3x.png */; };
		9D8FEB4F208A6CFC00080EEE /* icon_20pt.png in Resources */ = {isa = PBXBuildFile; fileRef = 9D8FEB40208A6CFC00080EEE /* icon_20pt.png */; };
		9D8FEB50208A6CFC00080EEE /* icon_29pt.png in Resources */ = {isa = PBXBuildFile; fileRef = 9D8FEB41208A6CFC00080EEE /* icon_29pt.png */; };
		9D8FEB51208A6CFC00080EEE /* icon_76pt@2x.png in Resources */ = {isa = PBXBuildFile; fileRef = 9D8FEB42208A6CFC00080EEE /* icon_76pt@2x.png */; };
		9D8FEB52208A6CFC00080EEE /* icon_40pt.png in Resources */ = {isa = PBXBuildFile; fileRef = 9D8FEB43208A6CFC00080EEE /* icon_40pt.png */; };
		9D8FEB53208A6CFC00080EEE /* icon_60pt@2x.png in Resources */ = {isa = PBXBuildFile; fileRef = 9D8FEB44208A6CFC00080EEE /* icon_60pt@2x.png */; };
		9D8FEB54208A6CFC00080EEE /* Icon.png in Resources */ = {isa = PBXBuildFile; fileRef = 9D8FEB45208A6CFC00080EEE /* Icon.png */; };
		9DC23BC12097C88600C2F111 /* bearPawLogoShadow.png in Resources */ = {isa = PBXBuildFile; fileRef = 9DC23BC02097C88600C2F111 /* bearPawLogoShadow.png */; };
		9DC23BC32097DCED00C2F111 /* BearsDenLogo.png in Resources */ = {isa = PBXBuildFile; fileRef = 9DC23BC22097DCED00C2F111 /* BearsDenLogo.png */; };
		9DC23BE32099033400C2F111 /* User+Convenience.swift in Sources */ = {isa = PBXBuildFile; fileRef = 9DC23BE22099033400C2F111 /* User+Convenience.swift */; };
		9DC23BE52099041C00C2F111 /* UserController.swift in Sources */ = {isa = PBXBuildFile; fileRef = 9DC23BE42099041C00C2F111 /* UserController.swift */; };
		9DC23BE82099101400C2F111 /* User.xcdatamodeld in Sources */ = {isa = PBXBuildFile; fileRef = 9DC23BE62099101400C2F111 /* User.xcdatamodeld */; };
		9DC23BEA209913A900C2F111 /* CoreDataStack.swift in Sources */ = {isa = PBXBuildFile; fileRef = 9DC23BE9209913A900C2F111 /* CoreDataStack.swift */; };
		9DC82CEC208A50810068DD8E /* AppDelegate.swift in Sources */ = {isa = PBXBuildFile; fileRef = 9DC82CEB208A50810068DD8E /* AppDelegate.swift */; };
		9DC82CF3208A50820068DD8E /* Assets.xcassets in Resources */ = {isa = PBXBuildFile; fileRef = 9DC82CF2208A50820068DD8E /* Assets.xcassets */; };
		9DC82CF6208A50820068DD8E /* LaunchScreen.storyboard in Resources */ = {isa = PBXBuildFile; fileRef = 9DC82CF4208A50820068DD8E /* LaunchScreen.storyboard */; };
		9DC82D03208A53420068DD8E /* Shelf+Convenience.swift in Sources */ = {isa = PBXBuildFile; fileRef = 9DC82D02208A53420068DD8E /* Shelf+Convenience.swift */; };
		9DC82D05208A53490068DD8E /* Item+Convenience.swift in Sources */ = {isa = PBXBuildFile; fileRef = 9DC82D04208A53490068DD8E /* Item+Convenience.swift */; };
		9DC82D07208A53550068DD8E /* Goal+Convenience.swift in Sources */ = {isa = PBXBuildFile; fileRef = 9DC82D06208A53550068DD8E /* Goal+Convenience.swift */; };
		9DC82D09208A535D0068DD8E /* ShelfController.swift in Sources */ = {isa = PBXBuildFile; fileRef = 9DC82D08208A535D0068DD8E /* ShelfController.swift */; };
		9DC82D0B208A53640068DD8E /* ItemController.swift in Sources */ = {isa = PBXBuildFile; fileRef = 9DC82D0A208A53640068DD8E /* ItemController.swift */; };
		9DC82D0D208A536C0068DD8E /* GoalController.swift in Sources */ = {isa = PBXBuildFile; fileRef = 9DC82D0C208A536C0068DD8E /* GoalController.swift */; };
		9DC82D33208A552A0068DD8E /* SecondLaunchScreenViewController.swift in Sources */ = {isa = PBXBuildFile; fileRef = 9DC82D32208A552A0068DD8E /* SecondLaunchScreenViewController.swift */; };
/* End PBXBuildFile section */

/* Begin PBXCopyFilesBuildPhase section */
		9DC23BE1209902C500C2F111 /* Embed Frameworks */ = {
			isa = PBXCopyFilesBuildPhase;
			buildActionMask = 2147483647;
			dstPath = "";
			dstSubfolderSpec = 10;
			files = (
			);
			name = "Embed Frameworks";
			runOnlyForDeploymentPostprocessing = 0;
		};
/* End PBXCopyFilesBuildPhase section */

/* Begin PBXFileReference section */
		9D847780209925B9005F219B /* ewDenNameViewController.swift */ = {isa = PBXFileReference; lastKnownFileType = sourcecode.swift; path = ewDenNameViewController.swift; sourceTree = "<group>"; };
		9D847784209A4B59005F219B /* DenPictureViewController.swift */ = {isa = PBXFileReference; lastKnownFileType = sourcecode.swift; path = DenPictureViewController.swift; sourceTree = "<group>"; };
		9D84778A209A5D05005F219B /* imagePlaceHolder.png */ = {isa = PBXFileReference; lastKnownFileType = image.png; path = imagePlaceHolder.png; sourceTree = "<group>"; };
		9D847792209A72E3005F219B /* settingIconX1.png */ = {isa = PBXFileReference; lastKnownFileType = image.png; path = settingIconX1.png; sourceTree = "<group>"; };
		9D847794209A72EE005F219B /* settingIconX2.png */ = {isa = PBXFileReference; lastKnownFileType = image.png; path = settingIconX2.png; sourceTree = "<group>"; };
		9D847796209A72F6005F219B /* settingIconX3.png */ = {isa = PBXFileReference; lastKnownFileType = image.png; path = settingIconX3.png; sourceTree = "<group>"; };
		9D847798209A7486005F219B /* addX2.png */ = {isa = PBXFileReference; lastKnownFileType = image.png; path = addX2.png; sourceTree = "<group>"; };
		9D84779A209A7611005F219B /* ShelvesViewController.swift */ = {isa = PBXFileReference; lastKnownFileType = sourcecode.swift; path = ShelvesViewController.swift; sourceTree = "<group>"; };
		9D84779D209A76AF005F219B /* View+Extension.swift */ = {isa = PBXFileReference; fileEncoding = 4; lastKnownFileType = sourcecode.swift; path = "View+Extension.swift"; sourceTree = "<group>"; };
		9D84779F209A76B6005F219B /* Colors.swift */ = {isa = PBXFileReference; fileEncoding = 4; lastKnownFileType = sourcecode.swift; path = Colors.swift; sourceTree = "<group>"; };
		9D8477A1209A7C65005F219B /* ItemsViewController.swift */ = {isa = PBXFileReference; lastKnownFileType = sourcecode.swift; path = ItemsViewController.swift; sourceTree = "<group>"; };
		9D8477A3209A8045005F219B /* ShelfTableViewCell.swift */ = {isa = PBXFileReference; lastKnownFileType = sourcecode.swift; path = ShelfTableViewCell.swift; sourceTree = "<group>"; };
		9D8477A5209A8052005F219B /* ItemTableViewCell.swift */ = {isa = PBXFileReference; lastKnownFileType = sourcecode.swift; path = ItemTableViewCell.swift; sourceTree = "<group>"; };
		9D8477A7209A86BB005F219B /* backX2.png */ = {isa = PBXFileReference; lastKnownFileType = image.png; path = backX2.png; sourceTree = "<group>"; };
		9D8477A9209B90D5005F219B /* BackLargeX1.png */ = {isa = PBXFileReference; lastKnownFileType = image.png; path = BackLargeX1.png; sourceTree = "<group>"; };
		9D8477AD209CFA4E005F219B /* SettingsLauncher.swift */ = {isa = PBXFileReference; lastKnownFileType = sourcecode.swift; path = SettingsLauncher.swift; sourceTree = "<group>"; };
		9D8477AF209D0486005F219B /* SettingsCollectionViewCell.swift */ = {isa = PBXFileReference; lastKnownFileType = sourcecode.swift; path = SettingsCollectionViewCell.swift; sourceTree = "<group>"; };
		9D8477B1209D0C98005F219B /* settingsGear2x.png */ = {isa = PBXFileReference; lastKnownFileType = image.png; path = settingsGear2x.png; sourceTree = "<group>"; };
		9D8477B720A0A1DD005F219B /* GoalsViewController.swift */ = {isa = PBXFileReference; lastKnownFileType = sourcecode.swift; path = GoalsViewController.swift; sourceTree = "<group>"; };
		9D8477B920A0A1EB005F219B /* TipsViewController.swift */ = {isa = PBXFileReference; lastKnownFileType = sourcecode.swift; path = TipsViewController.swift; sourceTree = "<group>"; };
		9D8477BB20A0A1F6005F219B /* ShoppingListViewController.swift */ = {isa = PBXFileReference; lastKnownFileType = sourcecode.swift; path = ShoppingListViewController.swift; sourceTree = "<group>"; };
		9D8477BD20A0A20E005F219B /* SettingsViewController.swift */ = {isa = PBXFileReference; lastKnownFileType = sourcecode.swift; path = SettingsViewController.swift; sourceTree = "<group>"; };
		9D8477C120A0EEB1005F219B /* shoppingCartX2.png */ = {isa = PBXFileReference; lastKnownFileType = image.png; path = shoppingCartX2.png; sourceTree = "<group>"; };
		9D8477C320A0EFC3005F219B /* checkMark2x.png */ = {isa = PBXFileReference; lastKnownFileType = image.png; path = checkMark2x.png; sourceTree = "<group>"; };
		9D8477C520A0F1C2005F219B /* shelves2x.png */ = {isa = PBXFileReference; lastKnownFileType = image.png; path = shelves2x.png; sourceTree = "<group>"; };
		9D8477C720A0F1CA005F219B /* tips2x.png */ = {isa = PBXFileReference; lastKnownFileType = image.png; path = tips2x.png; sourceTree = "<group>"; };
		9D8477C920A10F9F005F219B /* MainViewController.swift */ = {isa = PBXFileReference; lastKnownFileType = sourcecode.swift; path = MainViewController.swift; sourceTree = "<group>"; };
		9D8FEB37208A6CFB00080EEE /* icon_20pt@2x.png */ = {isa = PBXFileReference; lastKnownFileType = image.png; path = "icon_20pt@2x.png"; sourceTree = "<group>"; };
		9D8FEB38208A6CFB00080EEE /* icon_40pt@3x.png */ = {isa = PBXFileReference; lastKnownFileType = image.png; path = "icon_40pt@3x.png"; sourceTree = "<group>"; };
		9D8FEB39208A6CFB00080EEE /* icon_29pt@2x.png */ = {isa = PBXFileReference; lastKnownFileType = image.png; path = "icon_29pt@2x.png"; sourceTree = "<group>"; };
		9D8FEB3A208A6CFB00080EEE /* icon_20pt@3x.png */ = {isa = PBXFileReference; lastKnownFileType = image.png; path = "icon_20pt@3x.png"; sourceTree = "<group>"; };
		9D8FEB3B208A6CFB00080EEE /* icon_83.5@2x.png */ = {isa = PBXFileReference; lastKnownFileType = image.png; path = "icon_83.5@2x.png"; sourceTree = "<group>"; };
		9D8FEB3C208A6CFB00080EEE /* icon_29pt@3x.png */ = {isa = PBXFileReference; lastKnownFileType = image.png; path = "icon_29pt@3x.png"; sourceTree = "<group>"; };
		9D8FEB3D208A6CFC00080EEE /* icon_40pt@2x.png */ = {isa = PBXFileReference; lastKnownFileType = image.png; path = "icon_40pt@2x.png"; sourceTree = "<group>"; };
		9D8FEB3E208A6CFC00080EEE /* icon_76pt.png */ = {isa = PBXFileReference; lastKnownFileType = image.png; path = icon_76pt.png; sourceTree = "<group>"; };
		9D8FEB3F208A6CFC00080EEE /* icon_60pt@3x.png */ = {isa = PBXFileReference; lastKnownFileType = image.png; path = "icon_60pt@3x.png"; sourceTree = "<group>"; };
		9D8FEB40208A6CFC00080EEE /* icon_20pt.png */ = {isa = PBXFileReference; lastKnownFileType = image.png; path = icon_20pt.png; sourceTree = "<group>"; };
		9D8FEB41208A6CFC00080EEE /* icon_29pt.png */ = {isa = PBXFileReference; lastKnownFileType = image.png; path = icon_29pt.png; sourceTree = "<group>"; };
		9D8FEB42208A6CFC00080EEE /* icon_76pt@2x.png */ = {isa = PBXFileReference; lastKnownFileType = image.png; path = "icon_76pt@2x.png"; sourceTree = "<group>"; };
		9D8FEB43208A6CFC00080EEE /* icon_40pt.png */ = {isa = PBXFileReference; lastKnownFileType = image.png; path = icon_40pt.png; sourceTree = "<group>"; };
		9D8FEB44208A6CFC00080EEE /* icon_60pt@2x.png */ = {isa = PBXFileReference; lastKnownFileType = image.png; path = "icon_60pt@2x.png"; sourceTree = "<group>"; };
		9D8FEB45208A6CFC00080EEE /* Icon.png */ = {isa = PBXFileReference; lastKnownFileType = image.png; path = Icon.png; sourceTree = "<group>"; };
		9DC23BC02097C88600C2F111 /* bearPawLogoShadow.png */ = {isa = PBXFileReference; lastKnownFileType = image.png; path = bearPawLogoShadow.png; sourceTree = "<group>"; };
		9DC23BC22097DCED00C2F111 /* BearsDenLogo.png */ = {isa = PBXFileReference; lastKnownFileType = image.png; path = BearsDenLogo.png; sourceTree = "<group>"; };
		9DC23BE22099033400C2F111 /* User+Convenience.swift */ = {isa = PBXFileReference; lastKnownFileType = sourcecode.swift; path = "User+Convenience.swift"; sourceTree = "<group>"; };
		9DC23BE42099041C00C2F111 /* UserController.swift */ = {isa = PBXFileReference; lastKnownFileType = sourcecode.swift; path = UserController.swift; sourceTree = "<group>"; };
		9DC23BE72099101400C2F111 /* User.xcdatamodel */ = {isa = PBXFileReference; lastKnownFileType = wrapper.xcdatamodel; path = User.xcdatamodel; sourceTree = "<group>"; };
		9DC23BE9209913A900C2F111 /* CoreDataStack.swift */ = {isa = PBXFileReference; lastKnownFileType = sourcecode.swift; path = CoreDataStack.swift; sourceTree = "<group>"; };
		9DC82CE8208A50810068DD8E /* BearsDen.app */ = {isa = PBXFileReference; explicitFileType = wrapper.application; includeInIndex = 0; path = BearsDen.app; sourceTree = BUILT_PRODUCTS_DIR; };
		9DC82CEB208A50810068DD8E /* AppDelegate.swift */ = {isa = PBXFileReference; lastKnownFileType = sourcecode.swift; path = AppDelegate.swift; sourceTree = "<group>"; };
		9DC82CF2208A50820068DD8E /* Assets.xcassets */ = {isa = PBXFileReference; lastKnownFileType = folder.assetcatalog; path = Assets.xcassets; sourceTree = "<group>"; };
		9DC82CF5208A50820068DD8E /* Base */ = {isa = PBXFileReference; lastKnownFileType = file.storyboard; name = Base; path = Base.lproj/LaunchScreen.storyboard; sourceTree = "<group>"; };
		9DC82CF7208A50820068DD8E /* Info.plist */ = {isa = PBXFileReference; lastKnownFileType = text.plist.xml; path = Info.plist; sourceTree = "<group>"; };
		9DC82D02208A53420068DD8E /* Shelf+Convenience.swift */ = {isa = PBXFileReference; lastKnownFileType = sourcecode.swift; path = "Shelf+Convenience.swift"; sourceTree = "<group>"; };
		9DC82D04208A53490068DD8E /* Item+Convenience.swift */ = {isa = PBXFileReference; lastKnownFileType = sourcecode.swift; path = "Item+Convenience.swift"; sourceTree = "<group>"; };
		9DC82D06208A53550068DD8E /* Goal+Convenience.swift */ = {isa = PBXFileReference; lastKnownFileType = sourcecode.swift; path = "Goal+Convenience.swift"; sourceTree = "<group>"; };
		9DC82D08208A535D0068DD8E /* ShelfController.swift */ = {isa = PBXFileReference; lastKnownFileType = sourcecode.swift; path = ShelfController.swift; sourceTree = "<group>"; };
		9DC82D0A208A53640068DD8E /* ItemController.swift */ = {isa = PBXFileReference; lastKnownFileType = sourcecode.swift; path = ItemController.swift; sourceTree = "<group>"; };
		9DC82D0C208A536C0068DD8E /* GoalController.swift */ = {isa = PBXFileReference; lastKnownFileType = sourcecode.swift; path = GoalController.swift; sourceTree = "<group>"; };
		9DC82D32208A552A0068DD8E /* SecondLaunchScreenViewController.swift */ = {isa = PBXFileReference; lastKnownFileType = sourcecode.swift; path = SecondLaunchScreenViewController.swift; sourceTree = "<group>"; };
/* End PBXFileReference section */

/* Begin PBXFrameworksBuildPhase section */
		9DC82CE5208A50810068DD8E /* Frameworks */ = {
			isa = PBXFrameworksBuildPhase;
			buildActionMask = 2147483647;
			files = (
			);
			runOnlyForDeploymentPostprocessing = 0;
		};
/* End PBXFrameworksBuildPhase section */

/* Begin PBXGroup section */
		9D84779C209A766F005F219B /* Extraneous */ = {
			isa = PBXGroup;
			children = (
				9D84779F209A76B6005F219B /* Colors.swift */,
				9D84779D209A76AF005F219B /* View+Extension.swift */,
			);
			path = Extraneous;
			sourceTree = "<group>";
		};
		9D8477B3209D2164005F219B /* Cells */ = {
			isa = PBXGroup;
			children = (
				9D8477A3209A8045005F219B /* ShelfTableViewCell.swift */,
				9D8477A5209A8052005F219B /* ItemTableViewCell.swift */,
				9D8477AF209D0486005F219B /* SettingsCollectionViewCell.swift */,
			);
			path = Cells;
			sourceTree = "<group>";
		};
		9D8477B620A0A1BD005F219B /* SettingsPages */ = {
			isa = PBXGroup;
			children = (
				9D84779A209A7611005F219B /* ShelvesViewController.swift */,
				9D8477A1209A7C65005F219B /* ItemsViewController.swift */,
				9D8477B720A0A1DD005F219B /* GoalsViewController.swift */,
				9D8477BB20A0A1F6005F219B /* ShoppingListViewController.swift */,
				9D8477B920A0A1EB005F219B /* TipsViewController.swift */,
				9D8477BD20A0A20E005F219B /* SettingsViewController.swift */,
			);
			path = SettingsPages;
			sourceTree = "<group>";
		};
		9DC82CDF208A50810068DD8E = {
			isa = PBXGroup;
			children = (
				9DC82CEA208A50810068DD8E /* BearsDen */,
				9DC82CE9208A50810068DD8E /* Products */,
				9DC82D11208A53ED0068DD8E /* Frameworks */,
			);
			sourceTree = "<group>";
		};
		9DC82CE9208A50810068DD8E /* Products */ = {
			isa = PBXGroup;
			children = (
				9DC82CE8208A50810068DD8E /* BearsDen.app */,
			);
			name = Products;
			sourceTree = "<group>";
		};
		9DC82CEA208A50810068DD8E /* BearsDen */ = {
			isa = PBXGroup;
			children = (
				9DC82CEB208A50810068DD8E /* AppDelegate.swift */,
				9DC82D01208A50B20068DD8E /* Model */,
				9DC82D00208A50AB0068DD8E /* ModelController */,
				9DC82CFF208A50A20068DD8E /* ViewController */,
				9D84779C209A766F005F219B /* Extraneous */,
				9DC82CFD208A50890068DD8E /* Resources */,
			);
			path = BearsDen;
			sourceTree = "<group>";
		};
		9DC82CFD208A50890068DD8E /* Resources */ = {
			isa = PBXGroup;
			children = (
				9DC82CF2208A50820068DD8E /* Assets.xcassets */,
				9DC82CF4208A50820068DD8E /* LaunchScreen.storyboard */,
				9DC82CF7208A50820068DD8E /* Info.plist */,
				9DC82CFE208A50970068DD8E /* Images */,
			);
			path = Resources;
			sourceTree = "<group>";
		};
		9DC82CFE208A50970068DD8E /* Images */ = {
			isa = PBXGroup;
			children = (
				9D8477C720A0F1CA005F219B /* tips2x.png */,
				9D8477C520A0F1C2005F219B /* shelves2x.png */,
				9D8477C320A0EFC3005F219B /* checkMark2x.png */,
				9D8477C120A0EEB1005F219B /* shoppingCartX2.png */,
				9D8477A9209B90D5005F219B /* BackLargeX1.png */,
				9D8477A7209A86BB005F219B /* backX2.png */,
				9D8477B1209D0C98005F219B /* settingsGear2x.png */,
				9D847798209A7486005F219B /* addX2.png */,
				9D847796209A72F6005F219B /* settingIconX3.png */,
				9D847794209A72EE005F219B /* settingIconX2.png */,
				9D847792209A72E3005F219B /* settingIconX1.png */,
				9D84778A209A5D05005F219B /* imagePlaceHolder.png */,
				9DC23BC22097DCED00C2F111 /* BearsDenLogo.png */,
				9DC23BC02097C88600C2F111 /* bearPawLogoShadow.png */,
				9D8FEB40208A6CFC00080EEE /* icon_20pt.png */,
				9D8FEB37208A6CFB00080EEE /* icon_20pt@2x.png */,
				9D8FEB3A208A6CFB00080EEE /* icon_20pt@3x.png */,
				9D8FEB41208A6CFC00080EEE /* icon_29pt.png */,
				9D8FEB39208A6CFB00080EEE /* icon_29pt@2x.png */,
				9D8FEB3C208A6CFB00080EEE /* icon_29pt@3x.png */,
				9D8FEB43208A6CFC00080EEE /* icon_40pt.png */,
				9D8FEB3D208A6CFC00080EEE /* icon_40pt@2x.png */,
				9D8FEB38208A6CFB00080EEE /* icon_40pt@3x.png */,
				9D8FEB44208A6CFC00080EEE /* icon_60pt@2x.png */,
				9D8FEB3F208A6CFC00080EEE /* icon_60pt@3x.png */,
				9D8FEB3E208A6CFC00080EEE /* icon_76pt.png */,
				9D8FEB42208A6CFC00080EEE /* icon_76pt@2x.png */,
				9D8FEB3B208A6CFB00080EEE /* icon_83.5@2x.png */,
				9D8FEB45208A6CFC00080EEE /* Icon.png */,
			);
			path = Images;
			sourceTree = "<group>";
		};
		9DC82CFF208A50A20068DD8E /* ViewController */ = {
			isa = PBXGroup;
			children = (
				9DC82D32208A552A0068DD8E /* SecondLaunchScreenViewController.swift */,
				9D847780209925B9005F219B /* ewDenNameViewController.swift */,
				9D847784209A4B59005F219B /* DenPictureViewController.swift */,
				9D8477C920A10F9F005F219B /* MainViewController.swift */,
				9D8477AD209CFA4E005F219B /* SettingsLauncher.swift */,
				9D8477B3209D2164005F219B /* Cells */,
				9D8477B620A0A1BD005F219B /* SettingsPages */,
			);
			path = ViewController;
			sourceTree = "<group>";
		};
		9DC82D00208A50AB0068DD8E /* ModelController */ = {
			isa = PBXGroup;
			children = (
				9DC23BE42099041C00C2F111 /* UserController.swift */,
				9DC82D08208A535D0068DD8E /* ShelfController.swift */,
				9DC82D0A208A53640068DD8E /* ItemController.swift */,
				9DC82D0C208A536C0068DD8E /* GoalController.swift */,
			);
			path = ModelController;
			sourceTree = "<group>";
		};
		9DC82D01208A50B20068DD8E /* Model */ = {
			isa = PBXGroup;
			children = (
				9DC23BE9209913A900C2F111 /* CoreDataStack.swift */,
				9DC23BE62099101400C2F111 /* User.xcdatamodeld */,
				9DC23BE22099033400C2F111 /* User+Convenience.swift */,
				9DC82D02208A53420068DD8E /* Shelf+Convenience.swift */,
				9DC82D04208A53490068DD8E /* Item+Convenience.swift */,
				9DC82D06208A53550068DD8E /* Goal+Convenience.swift */,
			);
			path = Model;
			sourceTree = "<group>";
		};
		9DC82D11208A53ED0068DD8E /* Frameworks */ = {
			isa = PBXGroup;
			children = (
			);
			name = Frameworks;
			sourceTree = "<group>";
		};
/* End PBXGroup section */

/* Begin PBXNativeTarget section */
		9DC82CE7208A50810068DD8E /* BearsDen */ = {
			isa = PBXNativeTarget;
			buildConfigurationList = 9DC82CFA208A50820068DD8E /* Build configuration list for PBXNativeTarget "BearsDen" */;
			buildPhases = (
				9DC82CE4208A50810068DD8E /* Sources */,
				9DC82CE5208A50810068DD8E /* Frameworks */,
				9DC82CE6208A50810068DD8E /* Resources */,
				9DC23BE1209902C500C2F111 /* Embed Frameworks */,
			);
			buildRules = (
			);
			dependencies = (
			);
			name = BearsDen;
			productName = BearsDen;
			productReference = 9DC82CE8208A50810068DD8E /* BearsDen.app */;
			productType = "com.apple.product-type.application";
		};
/* End PBXNativeTarget section */

/* Begin PBXProject section */
		9DC82CE0208A50810068DD8E /* Project object */ = {
			isa = PBXProject;
			attributes = {
				LastSwiftUpdateCheck = 0930;
				LastUpgradeCheck = 0930;
				ORGANIZATIONNAME = JamesNeeley;
				TargetAttributes = {
					9DC82CE7208A50810068DD8E = {
						CreatedOnToolsVersion = 9.3;
						SystemCapabilities = {
							com.apple.Push = {
								enabled = 0;
							};
							com.apple.iCloud = {
								enabled = 0;
							};
						};
					};
				};
			};
			buildConfigurationList = 9DC82CE3208A50810068DD8E /* Build configuration list for PBXProject "BearsDen" */;
			compatibilityVersion = "Xcode 9.3";
			developmentRegion = en;
			hasScannedForEncodings = 0;
			knownRegions = (
				en,
				Base,
			);
			mainGroup = 9DC82CDF208A50810068DD8E;
			productRefGroup = 9DC82CE9208A50810068DD8E /* Products */;
			projectDirPath = "";
			projectRoot = "";
			targets = (
				9DC82CE7208A50810068DD8E /* BearsDen */,
			);
		};
/* End PBXProject section */

/* Begin PBXResourcesBuildPhase section */
		9DC82CE6208A50810068DD8E /* Resources */ = {
			isa = PBXResourcesBuildPhase;
			buildActionMask = 2147483647;
			files = (
				9D8FEB54208A6CFC00080EEE /* Icon.png in Resources */,
				9D8FEB52208A6CFC00080EEE /* icon_40pt.png in Resources */,
				9D8477C620A0F1C2005F219B /* shelves2x.png in Resources */,
				9D847793209A72E3005F219B /* settingIconX1.png in Resources */,
				9D8FEB51208A6CFC00080EEE /* icon_76pt@2x.png in Resources */,
				9D8FEB49208A6CFC00080EEE /* icon_20pt@3x.png in Resources */,
				9D8FEB53208A6CFC00080EEE /* icon_60pt@2x.png in Resources */,
				9D847797209A72F6005F219B /* settingIconX3.png in Resources */,
				9D8FEB48208A6CFC00080EEE /* icon_29pt@2x.png in Resources */,
				9D8477C420A0EFC3005F219B /* checkMark2x.png in Resources */,
				9DC82CF6208A50820068DD8E /* LaunchScreen.storyboard in Resources */,
				9D8477C220A0EEB2005F219B /* shoppingCartX2.png in Resources */,
				9D8FEB4F208A6CFC00080EEE /* icon_20pt.png in Resources */,
				9D8FEB4A208A6CFC00080EEE /* icon_83.5@2x.png in Resources */,
				9DC82CF3208A50820068DD8E /* Assets.xcassets in Resources */,
				9D8FEB4D208A6CFC00080EEE /* icon_76pt.png in Resources */,
				9DC23BC32097DCED00C2F111 /* BearsDenLogo.png in Resources */,
				9D8FEB47208A6CFC00080EEE /* icon_40pt@3x.png in Resources */,
				9D8FEB4B208A6CFC00080EEE /* icon_29pt@3x.png in Resources */,
				9D8FEB4E208A6CFC00080EEE /* icon_60pt@3x.png in Resources */,
				9DC23BC12097C88600C2F111 /* bearPawLogoShadow.png in Resources */,
				9D8FEB4C208A6CFC00080EEE /* icon_40pt@2x.png in Resources */,
				9D8477AA209B90D5005F219B /* BackLargeX1.png in Resources */,
				9D8477A8209A86BB005F219B /* backX2.png in Resources */,
				9D84778B209A5D06005F219B /* imagePlaceHolder.png in Resources */,
				9D8FEB46208A6CFC00080EEE /* icon_20pt@2x.png in Resources */,
				9D8FEB50208A6CFC00080EEE /* icon_29pt.png in Resources */,
				9D847795209A72EE005F219B /* settingIconX2.png in Resources */,
				9D8477C820A0F1CA005F219B /* tips2x.png in Resources */,
				9D847799209A7486005F219B /* addX2.png in Resources */,
				9D8477B2209D0C98005F219B /* settingsGear2x.png in Resources */,
			);
			runOnlyForDeploymentPostprocessing = 0;
		};
/* End PBXResourcesBuildPhase section */

/* Begin PBXSourcesBuildPhase section */
		9DC82CE4208A50810068DD8E /* Sources */ = {
			isa = PBXSourcesBuildPhase;
			buildActionMask = 2147483647;
			files = (
				9D8477BA20A0A1EB005F219B /* TipsViewController.swift in Sources */,
				9D847785209A4B59005F219B /* DenPictureViewController.swift in Sources */,
				9DC23BE82099101400C2F111 /* User.xcdatamodeld in Sources */,
				9D8477AE209CFA4E005F219B /* SettingsLauncher.swift in Sources */,
				9D84779E209A76AF005F219B /* View+Extension.swift in Sources */,
				9D8477A0209A76B6005F219B /* Colors.swift in Sources */,
				9D8477A4209A8045005F219B /* ShelfTableViewCell.swift in Sources */,
				9D847781209925B9005F219B /* ewDenNameViewController.swift in Sources */,
				9DC82D07208A53550068DD8E /* Goal+Convenience.swift in Sources */,
				9DC82D09208A535D0068DD8E /* ShelfController.swift in Sources */,
				9DC82D0D208A536C0068DD8E /* GoalController.swift in Sources */,
				9DC23BE52099041C00C2F111 /* UserController.swift in Sources */,
				9D8477CA20A10F9F005F219B /* MainViewController.swift in Sources */,
				9DC82D03208A53420068DD8E /* Shelf+Convenience.swift in Sources */,
				9D84779B209A7611005F219B /* ShelvesViewController.swift in Sources */,
				9D8477B820A0A1DD005F219B /* GoalsViewController.swift in Sources */,
				9D8477A6209A8052005F219B /* ItemTableViewCell.swift in Sources */,
				9DC23BEA209913A900C2F111 /* CoreDataStack.swift in Sources */,
				9DC82D05208A53490068DD8E /* Item+Convenience.swift in Sources */,
				9D8477A2209A7C65005F219B /* ItemsViewController.swift in Sources */,
				9DC82D0B208A53640068DD8E /* ItemController.swift in Sources */,
				9DC82CEC208A50810068DD8E /* AppDelegate.swift in Sources */,
				9D8477BE20A0A20E005F219B /* SettingsViewController.swift in Sources */,
				9D8477BC20A0A1F6005F219B /* ShoppingListViewController.swift in Sources */,
				9DC23BE32099033400C2F111 /* User+Convenience.swift in Sources */,
				9D8477B0209D0486005F219B /* SettingsCollectionViewCell.swift in Sources */,
				9DC82D33208A552A0068DD8E /* SecondLaunchScreenViewController.swift in Sources */,
			);
			runOnlyForDeploymentPostprocessing = 0;
		};
/* End PBXSourcesBuildPhase section */

/* Begin PBXVariantGroup section */
		9DC82CF4208A50820068DD8E /* LaunchScreen.storyboard */ = {
			isa = PBXVariantGroup;
			children = (
				9DC82CF5208A50820068DD8E /* Base */,
			);
			name = LaunchScreen.storyboard;
			sourceTree = "<group>";
		};
/* End PBXVariantGroup section */

/* Begin XCBuildConfiguration section */
		9DC82CF8208A50820068DD8E /* Debug */ = {
			isa = XCBuildConfiguration;
			buildSettings = {
				ALWAYS_SEARCH_USER_PATHS = NO;
				CLANG_ANALYZER_NONNULL = YES;
				CLANG_ANALYZER_NUMBER_OBJECT_CONVERSION = YES_AGGRESSIVE;
				CLANG_CXX_LANGUAGE_STANDARD = "gnu++14";
				CLANG_CXX_LIBRARY = "libc++";
				CLANG_ENABLE_MODULES = YES;
				CLANG_ENABLE_OBJC_ARC = YES;
				CLANG_ENABLE_OBJC_WEAK = YES;
				CLANG_WARN_BLOCK_CAPTURE_AUTORELEASING = YES;
				CLANG_WARN_BOOL_CONVERSION = YES;
				CLANG_WARN_COMMA = YES;
				CLANG_WARN_CONSTANT_CONVERSION = YES;
				CLANG_WARN_DEPRECATED_OBJC_IMPLEMENTATIONS = YES;
				CLANG_WARN_DIRECT_OBJC_ISA_USAGE = YES_ERROR;
				CLANG_WARN_DOCUMENTATION_COMMENTS = YES;
				CLANG_WARN_EMPTY_BODY = YES;
				CLANG_WARN_ENUM_CONVERSION = YES;
				CLANG_WARN_INFINITE_RECURSION = YES;
				CLANG_WARN_INT_CONVERSION = YES;
				CLANG_WARN_NON_LITERAL_NULL_CONVERSION = YES;
				CLANG_WARN_OBJC_IMPLICIT_RETAIN_SELF = YES;
				CLANG_WARN_OBJC_LITERAL_CONVERSION = YES;
				CLANG_WARN_OBJC_ROOT_CLASS = YES_ERROR;
				CLANG_WARN_RANGE_LOOP_ANALYSIS = YES;
				CLANG_WARN_STRICT_PROTOTYPES = YES;
				CLANG_WARN_SUSPICIOUS_MOVE = YES;
				CLANG_WARN_UNGUARDED_AVAILABILITY = YES_AGGRESSIVE;
				CLANG_WARN_UNREACHABLE_CODE = YES;
				CLANG_WARN__DUPLICATE_METHOD_MATCH = YES;
				CODE_SIGN_IDENTITY = "iPhone Developer";
				COPY_PHASE_STRIP = NO;
				DEBUG_INFORMATION_FORMAT = dwarf;
				ENABLE_STRICT_OBJC_MSGSEND = YES;
				ENABLE_TESTABILITY = YES;
				GCC_C_LANGUAGE_STANDARD = gnu11;
				GCC_DYNAMIC_NO_PIC = NO;
				GCC_NO_COMMON_BLOCKS = YES;
				GCC_OPTIMIZATION_LEVEL = 0;
				GCC_PREPROCESSOR_DEFINITIONS = (
					"DEBUG=1",
					"$(inherited)",
				);
				GCC_WARN_64_TO_32_BIT_CONVERSION = YES;
				GCC_WARN_ABOUT_RETURN_TYPE = YES_ERROR;
				GCC_WARN_UNDECLARED_SELECTOR = YES;
				GCC_WARN_UNINITIALIZED_AUTOS = YES_AGGRESSIVE;
				GCC_WARN_UNUSED_FUNCTION = YES;
				GCC_WARN_UNUSED_VARIABLE = YES;
				IPHONEOS_DEPLOYMENT_TARGET = 11.3;
				MTL_ENABLE_DEBUG_INFO = YES;
				ONLY_ACTIVE_ARCH = YES;
				SDKROOT = iphoneos;
				SWIFT_ACTIVE_COMPILATION_CONDITIONS = DEBUG;
				SWIFT_OPTIMIZATION_LEVEL = "-Onone";
			};
			name = Debug;
		};
		9DC82CF9208A50820068DD8E /* Release */ = {
			isa = XCBuildConfiguration;
			buildSettings = {
				ALWAYS_SEARCH_USER_PATHS = NO;
				CLANG_ANALYZER_NONNULL = YES;
				CLANG_ANALYZER_NUMBER_OBJECT_CONVERSION = YES_AGGRESSIVE;
				CLANG_CXX_LANGUAGE_STANDARD = "gnu++14";
				CLANG_CXX_LIBRARY = "libc++";
				CLANG_ENABLE_MODULES = YES;
				CLANG_ENABLE_OBJC_ARC = YES;
				CLANG_ENABLE_OBJC_WEAK = YES;
				CLANG_WARN_BLOCK_CAPTURE_AUTORELEASING = YES;
				CLANG_WARN_BOOL_CONVERSION = YES;
				CLANG_WARN_COMMA = YES;
				CLANG_WARN_CONSTANT_CONVERSION = YES;
				CLANG_WARN_DEPRECATED_OBJC_IMPLEMENTATIONS = YES;
				CLANG_WARN_DIRECT_OBJC_ISA_USAGE = YES_ERROR;
				CLANG_WARN_DOCUMENTATION_COMMENTS = YES;
				CLANG_WARN_EMPTY_BODY = YES;
				CLANG_WARN_ENUM_CONVERSION = YES;
				CLANG_WARN_INFINITE_RECURSION = YES;
				CLANG_WARN_INT_CONVERSION = YES;
				CLANG_WARN_NON_LITERAL_NULL_CONVERSION = YES;
				CLANG_WARN_OBJC_IMPLICIT_RETAIN_SELF = YES;
				CLANG_WARN_OBJC_LITERAL_CONVERSION = YES;
				CLANG_WARN_OBJC_ROOT_CLASS = YES_ERROR;
				CLANG_WARN_RANGE_LOOP_ANALYSIS = YES;
				CLANG_WARN_STRICT_PROTOTYPES = YES;
				CLANG_WARN_SUSPICIOUS_MOVE = YES;
				CLANG_WARN_UNGUARDED_AVAILABILITY = YES_AGGRESSIVE;
				CLANG_WARN_UNREACHABLE_CODE = YES;
				CLANG_WARN__DUPLICATE_METHOD_MATCH = YES;
				CODE_SIGN_IDENTITY = "iPhone Developer";
				COPY_PHASE_STRIP = NO;
				DEBUG_INFORMATION_FORMAT = "dwarf-with-dsym";
				ENABLE_NS_ASSERTIONS = NO;
				ENABLE_STRICT_OBJC_MSGSEND = YES;
				GCC_C_LANGUAGE_STANDARD = gnu11;
				GCC_NO_COMMON_BLOCKS = YES;
				GCC_WARN_64_TO_32_BIT_CONVERSION = YES;
				GCC_WARN_ABOUT_RETURN_TYPE = YES_ERROR;
				GCC_WARN_UNDECLARED_SELECTOR = YES;
				GCC_WARN_UNINITIALIZED_AUTOS = YES_AGGRESSIVE;
				GCC_WARN_UNUSED_FUNCTION = YES;
				GCC_WARN_UNUSED_VARIABLE = YES;
				IPHONEOS_DEPLOYMENT_TARGET = 11.3;
				MTL_ENABLE_DEBUG_INFO = NO;
				SDKROOT = iphoneos;
				SWIFT_COMPILATION_MODE = wholemodule;
				SWIFT_OPTIMIZATION_LEVEL = "-O";
				VALIDATE_PRODUCT = YES;
			};
			name = Release;
		};
		9DC82CFB208A50820068DD8E /* Debug */ = {
			isa = XCBuildConfiguration;
			buildSettings = {
				ALWAYS_EMBED_SWIFT_STANDARD_LIBRARIES = YES;
				ASSETCATALOG_COMPILER_APPICON_NAME = AppIcon;
				CODE_SIGN_STYLE = Automatic;
				DEVELOPMENT_TEAM = 9A24X3MLF7;
				INFOPLIST_FILE = "$(SRCROOT)/BearsDen/Resources/Info.plist";
				LD_RUNPATH_SEARCH_PATHS = (
					"$(inherited)",
					"@executable_path/Frameworks",
				);
				PRODUCT_BUNDLE_IDENTIFIER = com.JamesNeeley.BearsDen;
				PRODUCT_NAME = "$(TARGET_NAME)";
				SWIFT_VERSION = 4.0;
				TARGETED_DEVICE_FAMILY = "1,2";
			};
			name = Debug;
		};
		9DC82CFC208A50820068DD8E /* Release */ = {
			isa = XCBuildConfiguration;
			buildSettings = {
				ALWAYS_EMBED_SWIFT_STANDARD_LIBRARIES = YES;
				ASSETCATALOG_COMPILER_APPICON_NAME = AppIcon;
				CODE_SIGN_STYLE = Automatic;
				DEVELOPMENT_TEAM = 9A24X3MLF7;
				INFOPLIST_FILE = "$(SRCROOT)/BearsDen/Resources/Info.plist";
				LD_RUNPATH_SEARCH_PATHS = (
					"$(inherited)",
					"@executable_path/Frameworks",
				);
				PRODUCT_BUNDLE_IDENTIFIER = com.JamesNeeley.BearsDen;
				PRODUCT_NAME = "$(TARGET_NAME)";
				SWIFT_VERSION = 4.0;
				TARGETED_DEVICE_FAMILY = "1,2";
			};
			name = Release;
		};
/* End XCBuildConfiguration section */

/* Begin XCConfigurationList section */
		9DC82CE3208A50810068DD8E /* Build configuration list for PBXProject "BearsDen" */ = {
			isa = XCConfigurationList;
			buildConfigurations = (
				9DC82CF8208A50820068DD8E /* Debug */,
				9DC82CF9208A50820068DD8E /* Release */,
			);
			defaultConfigurationIsVisible = 0;
			defaultConfigurationName = Release;
		};
		9DC82CFA208A50820068DD8E /* Build configuration list for PBXNativeTarget "BearsDen" */ = {
			isa = XCConfigurationList;
			buildConfigurations = (
				9DC82CFB208A50820068DD8E /* Debug */,
				9DC82CFC208A50820068DD8E /* Release */,
			);
			defaultConfigurationIsVisible = 0;
			defaultConfigurationName = Release;
		};
/* End XCConfigurationList section */

/* Begin XCVersionGroup section */
		9DC23BE62099101400C2F111 /* User.xcdatamodeld */ = {
			isa = XCVersionGroup;
			children = (
				9DC23BE72099101400C2F111 /* User.xcdatamodel */,
			);
			currentVersion = 9DC23BE72099101400C2F111 /* User.xcdatamodel */;
			path = User.xcdatamodeld;
			sourceTree = "<group>";
			versionGroupType = wrapper.xcdatamodel;
		};
/* End XCVersionGroup section */
	};
	rootObject = 9DC82CE0208A50810068DD8E /* Project object */;
}
